Microsoft Visual Studio Solution File, Format Version 12.00
# Visual Studio Version 17
VisualStudioVersion = 17.13.35806.99
MinimumVisualStudioVersion = 10.0.40219.1
Project("{2150E333-8FDC-42A3-9474-1A3956D46DE8}") = "Solution Items", "Solution Items", "{02EA681E-C7D8-13C7-8484-4AC65E1B71E8}"
	ProjectSection(SolutionItems) = preProject
		.gitattributes = .gitattributes
		.gitignore = .gitignore
		Directory.Build.props = Directory.Build.props
		Directory.Packages.props = Directory.Packages.props
		README.md = README.md
	EndProjectSection
EndProject
Project("{FAE04EC0-301F-11D3-BF4B-00C04F79EFBC}") = "Dock", "src\Dock\Dock.csproj", "{A0190A23-5462-4BAC-96F3-EAD7D0D2498D}"
EndProject
Project("{2150E333-8FDC-42A3-9474-1A3956D46DE8}") = "Examples", "Examples", "{07A6B91E-C0C9-4279-9418-0FA442E540F1}"
EndProject
Project("{FAE04EC0-301F-11D3-BF4B-00C04F79EFBC}") = "TestApp", "src\Examples\TestApp\TestApp.csproj", "{BA28C629-61F7-445D-AD21-ED3483DD4208}"
EndProject
Global
	GlobalSection(SolutionConfigurationPlatforms) = preSolution
		Debug|Any CPU = Debug|Any CPU
		Release|Any CPU = Release|Any CPU
	EndGlobalSection
	GlobalSection(ProjectConfigurationPlatforms) = postSolution
		{A0190A23-5462-4BAC-96F3-EAD7D0D2498D}.Debug|Any CPU.ActiveCfg = Debug|Any CPU
		{A0190A23-5462-4BAC-96F3-EAD7D0D2498D}.Debug|Any CPU.Build.0 = Debug|Any CPU
		{A0190A23-5462-4BAC-96F3-EAD7D0D2498D}.Release|Any CPU.ActiveCfg = Release|Any CPU
		{A0190A23-5462-4BAC-96F3-EAD7D0D2498D}.Release|Any CPU.Build.0 = Release|Any CPU
		{BA28C629-61F7-445D-AD21-ED3483DD4208}.Debug|Any CPU.ActiveCfg = Debug|x64
		{BA28C629-61F7-445D-AD21-ED3483DD4208}.Debug|Any CPU.Build.0 = Debug|x64
		{BA28C629-61F7-445D-AD21-ED3483DD4208}.Debug|Any CPU.Deploy.0 = Debug|x64
		{BA28C629-61F7-445D-AD21-ED3483DD4208}.Release|Any CPU.ActiveCfg = Release|x64
		{BA28C629-61F7-445D-AD21-ED3483DD4208}.Release|Any CPU.Build.0 = Release|x64
		{BA28C629-61F7-445D-AD21-ED3483DD4208}.Release|Any CPU.Deploy.0 = Release|x64
	EndGlobalSection
	GlobalSection(SolutionProperties) = preSolution
		HideSolutionNode = FALSE
	EndGlobalSection
	GlobalSection(NestedProjects) = preSolution
		{BA28C629-61F7-445D-AD21-ED3483DD4208} = {07A6B91E-C0C9-4279-9418-0FA442E540F1}
	EndGlobalSection
	GlobalSection(ExtensibilityGlobals) = postSolution
		SolutionGuid = {17BD9D10-4654-4726-9B7A-F6816AC0DAAD}
	EndGlobalSection
EndGlobal
