Microsoft Visual Studio Solution File, Format Version 12.00
# Visual Studio Version 17
VisualStudioVersion = 17.13.35818.85
MinimumVisualStudioVersion = 10.0.40219.1
Project("{2150E333-8FDC-42A3-9474-1A3956D46DE8}") = "Solution Items", "Solution Items", "{02EA681E-C7D8-13C7-8484-4AC65E1B71E8}"
	ProjectSection(SolutionItems) = preProject
		.gitattributes = .gitattributes
		.gitignore = .gitignore
		Directory.Build.props = Directory.Build.props
		Directory.Packages.props = Directory.Packages.props
		LICENSE = LICENSE
		README.md = README.md
	EndProjectSection
EndProject
Project("{2150E333-8FDC-42A3-9474-1A3956D46DE8}") = "src", "src", "{92632D4E-4916-408F-A352-BE1BF43B527A}"
EndProject
Project("{2150E333-8FDC-42A3-9474-1A3956D46DE8}") = "examples", "examples", "{282A15AC-B6FB-4F68-BDB0-96A79D26EBF5}"
EndProject
Project("{FAE04EC0-301F-11D3-BF4B-00C04F79EFBC}") = "Dock", "src\Dock\Dock.csproj", "{248805D1-FAF5-5A62-4C2F-90268E8D053F}"
EndProject
Project("{FAE04EC0-301F-11D3-BF4B-00C04F79EFBC}") = "WinUI.Dock", "src\WinUI.Dock\WinUI.Dock.csproj", "{95B40048-1E42-3B23-8A80-90DF31171E17}"
EndProject
Project("{FAE04EC0-301F-11D3-BF4B-00C04F79EFBC}") = "UnoApp", "examples\UnoApp\UnoApp.csproj", "{49539AF0-BE78-0FCB-F1C8-D2A77CAA1546}"
EndProject
Project("{FAE04EC0-301F-11D3-BF4B-00C04F79EFBC}") = "WinUIApp", "examples\WinUIApp\WinUIApp.csproj", "{C8378884-93DF-DB0F-BC21-12628FBE144C}"
EndProject
Global
	GlobalSection(SolutionConfigurationPlatforms) = preSolution
		Debug|Any CPU = Debug|Any CPU
		Release|Any CPU = Release|Any CPU
	EndGlobalSection
	GlobalSection(ProjectConfigurationPlatforms) = postSolution
		{248805D1-FAF5-5A62-4C2F-90268E8D053F}.Debug|Any CPU.ActiveCfg = Debug|Any CPU
		{248805D1-FAF5-5A62-4C2F-90268E8D053F}.Debug|Any CPU.Build.0 = Debug|Any CPU
		{248805D1-FAF5-5A62-4C2F-90268E8D053F}.Release|Any CPU.ActiveCfg = Release|Any CPU
		{248805D1-FAF5-5A62-4C2F-90268E8D053F}.Release|Any CPU.Build.0 = Release|Any CPU
		{95B40048-1E42-3B23-8A80-90DF31171E17}.Debug|Any CPU.ActiveCfg = Debug|Any CPU
		{95B40048-1E42-3B23-8A80-90DF31171E17}.Debug|Any CPU.Build.0 = Debug|Any CPU
		{95B40048-1E42-3B23-8A80-90DF31171E17}.Release|Any CPU.ActiveCfg = Release|Any CPU
		{95B40048-1E42-3B23-8A80-90DF31171E17}.Release|Any CPU.Build.0 = Release|Any CPU
		{49539AF0-BE78-0FCB-F1C8-D2A77CAA1546}.Debug|Any CPU.ActiveCfg = Debug|Any CPU
		{49539AF0-BE78-0FCB-F1C8-D2A77CAA1546}.Debug|Any CPU.Build.0 = Debug|Any CPU
		{49539AF0-BE78-0FCB-F1C8-D2A77CAA1546}.Release|Any CPU.ActiveCfg = Release|Any CPU
		{49539AF0-BE78-0FCB-F1C8-D2A77CAA1546}.Release|Any CPU.Build.0 = Release|Any CPU
		{C8378884-93DF-DB0F-BC21-12628FBE144C}.Debug|Any CPU.ActiveCfg = Debug|x64
		{C8378884-93DF-DB0F-BC21-12628FBE144C}.Debug|Any CPU.Build.0 = Debug|x64
		{C8378884-93DF-DB0F-BC21-12628FBE144C}.Release|Any CPU.ActiveCfg = Release|x64
		{C8378884-93DF-DB0F-BC21-12628FBE144C}.Release|Any CPU.Build.0 = Release|x64
	EndGlobalSection
	GlobalSection(SolutionProperties) = preSolution
		HideSolutionNode = FALSE
	EndGlobalSection
	GlobalSection(NestedProjects) = preSolution
		{248805D1-FAF5-5A62-4C2F-90268E8D053F} = {92632D4E-4916-408F-A352-BE1BF43B527A}
		{95B40048-1E42-3B23-8A80-90DF31171E17} = {92632D4E-4916-408F-A352-BE1BF43B527A}
		{49539AF0-BE78-0FCB-F1C8-D2A77CAA1546} = {282A15AC-B6FB-4F68-BDB0-96A79D26EBF5}
		{C8378884-93DF-DB0F-BC21-12628FBE144C} = {282A15AC-B6FB-4F68-BDB0-96A79D26EBF5}
	EndGlobalSection
	GlobalSection(ExtensibilityGlobals) = postSolution
		SolutionGuid = {0AFA630F-E015-4BE9-BC0D-F90113E6FEB1}
	EndGlobalSection
EndGlobal
